// !$*UTF8*$!
{
	archiveVersion = 1;
	classes = {
	};
	objectVersion = 46;
	objects = {

/* Begin PBXBuildFile section */
		357998902B75AC45CDF03A49 /* Pods_AHJSONSerializer_Example.framework in Frameworks */ = {isa = PBXBuildFile; fileRef = FC188B7D757E62F7C9DFC496 /* Pods_AHJSONSerializer_Example.framework */; };
		42ED13495D8D8693306D26F3 /* Pods_AHJSONSerializer_Tests.framework in Frameworks */ = {isa = PBXBuildFile; fileRef = 46E4B7D5C3F2C2DBD7887563 /* Pods_AHJSONSerializer_Tests.framework */; };
		607FACD61AFB9204008FA782 /* AppDelegate.swift in Sources */ = {isa = PBXBuildFile; fileRef = 607FACD51AFB9204008FA782 /* AppDelegate.swift */; };
		607FACD81AFB9204008FA782 /* ViewController.swift in Sources */ = {isa = PBXBuildFile; fileRef = 607FACD71AFB9204008FA782 /* ViewController.swift */; };
		607FACDB1AFB9204008FA782 /* Main.storyboard in Resources */ = {isa = PBXBuildFile; fileRef = 607FACD91AFB9204008FA782 /* Main.storyboard */; };
		607FACDD1AFB9204008FA782 /* Images.xcassets in Resources */ = {isa = PBXBuildFile; fileRef = 607FACDC1AFB9204008FA782 /* Images.xcassets */; };
		607FACE01AFB9204008FA782 /* LaunchScreen.xib in Resources */ = {isa = PBXBuildFile; fileRef = 607FACDE1AFB9204008FA782 /* LaunchScreen.xib */; };
		891F926D1ED7BB5300CC08E3 /* JSONMocks.swift in Sources */ = {isa = PBXBuildFile; fileRef = 891F926B1ED7BABE00CC08E3 /* JSONMocks.swift */; };
		892250601ED751DE00122F63 /* AHJSONEncoderTests.swift in Sources */ = {isa = PBXBuildFile; fileRef = 8922505F1ED751DE00122F63 /* AHJSONEncoderTests.swift */; };
		8923D4DD1ECC8E2700C50C13 /* MapBoxTests.swift in Sources */ = {isa = PBXBuildFile; fileRef = 8923D4DC1ECC8E2700C50C13 /* MapBoxTests.swift */; };
		8935D6CB1ED36CED00C5D197 /* MockStructContext.swift in Sources */ = {isa = PBXBuildFile; fileRef = 89FA40401ECFB59B0005C6E4 /* MockStructContext.swift */; };
		894413501ECB34D000A4D54F /* DecodingOperatorTests.swift in Sources */ = {isa = PBXBuildFile; fileRef = 8944134F1ECB34D000A4D54F /* DecodingOperatorTests.swift */; };
		894413531ECB3D1900A4D54F /* IJSONDecodableTests.swift in Sources */ = {isa = PBXBuildFile; fileRef = 894413521ECB3D1900A4D54F /* IJSONDecodableTests.swift */; };
		89B3460C1ED4925F005CDBA2 /* IJSONEncodableTests.swift in Sources */ = {isa = PBXBuildFile; fileRef = 89B3460B1ED4925F005CDBA2 /* IJSONEncodableTests.swift */; };
		89DE24FF1EDD01BA003AB1AD /* Default-568h@2x.png in Resources */ = {isa = PBXBuildFile; fileRef = 89DE24FE1EDD01BA003AB1AD /* Default-568h@2x.png */; };
		89FA40381ECF4AEB0005C6E4 /* StringExtensionTests.swift in Sources */ = {isa = PBXBuildFile; fileRef = 89FA40371ECF4AEB0005C6E4 /* StringExtensionTests.swift */; };
		89FA403C1ECF640F0005C6E4 /* AHJSONDecoderTests.swift in Sources */ = {isa = PBXBuildFile; fileRef = 89FA403B1ECF640F0005C6E4 /* AHJSONDecoderTests.swift */; };
		89FA403F1ECF9BC40005C6E4 /* OperatorMockStruct.swift in Sources */ = {isa = PBXBuildFile; fileRef = 89FA403D1ECF9B4D0005C6E4 /* OperatorMockStruct.swift */; };
/* End PBXBuildFile section */

/* Begin PBXContainerItemProxy section */
		607FACE61AFB9204008FA782 /* PBXContainerItemProxy */ = {
			isa = PBXContainerItemProxy;
			containerPortal = 607FACC81AFB9204008FA782 /* Project object */;
			proxyType = 1;
			remoteGlobalIDString = 607FACCF1AFB9204008FA782;
			remoteInfo = AHObjectMapper;
		};
/* End PBXContainerItemProxy section */

/* Begin PBXFileReference section */
		08F4E972F36D3137EEBE3527 /* LICENSE */ = {isa = PBXFileReference; includeInIndex = 1; lastKnownFileType = text; name = LICENSE; path = ../LICENSE; sourceTree = "<group>"; };
		0FDFF8CAD2AA2610D8AA8697 /* AHJSONSerializer.podspec */ = {isa = PBXFileReference; includeInIndex = 1; lastKnownFileType = text; name = AHJSONSerializer.podspec; path = ../AHJSONSerializer.podspec; sourceTree = "<group>"; };
		174EB4923307B03159E40E32 /* Pods_AHObjectMapper_Tests.framework */ = {isa = PBXFileReference; explicitFileType = wrapper.framework; includeInIndex = 0; path = Pods_AHObjectMapper_Tests.framework; sourceTree = BUILT_PRODUCTS_DIR; };
		195B85870C13179DF8F6E7E8 /* Pods_AHObjectMapper_Example.framework */ = {isa = PBXFileReference; explicitFileType = wrapper.framework; includeInIndex = 0; path = Pods_AHObjectMapper_Example.framework; sourceTree = BUILT_PRODUCTS_DIR; };
		29EB2CA66235ACBAA883A148 /* README.md */ = {isa = PBXFileReference; includeInIndex = 1; lastKnownFileType = net.daringfireball.markdown; name = README.md; path = ../README.md; sourceTree = "<group>"; };
		46E4B7D5C3F2C2DBD7887563 /* Pods_AHJSONSerializer_Tests.framework */ = {isa = PBXFileReference; explicitFileType = wrapper.framework; includeInIndex = 0; path = Pods_AHJSONSerializer_Tests.framework; sourceTree = BUILT_PRODUCTS_DIR; };
		4861A6B2D48A8C8F40D64708 /* Pods-AHJSONSerializer_Example.release.xcconfig */ = {isa = PBXFileReference; includeInIndex = 1; lastKnownFileType = text.xcconfig; name = "Pods-AHJSONSerializer_Example.release.xcconfig"; path = "Pods/Target Support Files/Pods-AHJSONSerializer_Example/Pods-AHJSONSerializer_Example.release.xcconfig"; sourceTree = "<group>"; };
		607FACD01AFB9204008FA782 /* AHJSONSerializer_Example.app */ = {isa = PBXFileReference; explicitFileType = wrapper.application; includeInIndex = 0; path = AHJSONSerializer_Example.app; sourceTree = BUILT_PRODUCTS_DIR; };
		607FACD41AFB9204008FA782 /* Info.plist */ = {isa = PBXFileReference; lastKnownFileType = text.plist.xml; path = Info.plist; sourceTree = "<group>"; };
		607FACD51AFB9204008FA782 /* AppDelegate.swift */ = {isa = PBXFileReference; lastKnownFileType = sourcecode.swift; path = AppDelegate.swift; sourceTree = "<group>"; };
		607FACD71AFB9204008FA782 /* ViewController.swift */ = {isa = PBXFileReference; lastKnownFileType = sourcecode.swift; path = ViewController.swift; sourceTree = "<group>"; };
		607FACDA1AFB9204008FA782 /* Base */ = {isa = PBXFileReference; lastKnownFileType = file.storyboard; name = Base; path = Base.lproj/Main.storyboard; sourceTree = "<group>"; };
		607FACDC1AFB9204008FA782 /* Images.xcassets */ = {isa = PBXFileReference; lastKnownFileType = folder.assetcatalog; path = Images.xcassets; sourceTree = "<group>"; };
		607FACDF1AFB9204008FA782 /* Base */ = {isa = PBXFileReference; lastKnownFileType = file.xib; name = Base; path = Base.lproj/LaunchScreen.xib; sourceTree = "<group>"; };
		607FACE51AFB9204008FA782 /* AHJSONSerializer_Tests.xctest */ = {isa = PBXFileReference; explicitFileType = wrapper.cfbundle; includeInIndex = 0; path = AHJSONSerializer_Tests.xctest; sourceTree = BUILT_PRODUCTS_DIR; };
		607FACEA1AFB9204008FA782 /* Info.plist */ = {isa = PBXFileReference; lastKnownFileType = text.plist.xml; path = Info.plist; sourceTree = "<group>"; };
		891F926B1ED7BABE00CC08E3 /* JSONMocks.swift */ = {isa = PBXFileReference; fileEncoding = 4; lastKnownFileType = sourcecode.swift; path = JSONMocks.swift; sourceTree = "<group>"; };
		8922505F1ED751DE00122F63 /* AHJSONEncoderTests.swift */ = {isa = PBXFileReference; fileEncoding = 4; lastKnownFileType = sourcecode.swift; path = AHJSONEncoderTests.swift; sourceTree = "<group>"; };
		8923D4DC1ECC8E2700C50C13 /* MapBoxTests.swift */ = {isa = PBXFileReference; fileEncoding = 4; lastKnownFileType = sourcecode.swift; path = MapBoxTests.swift; sourceTree = "<group>"; };
		8944134F1ECB34D000A4D54F /* DecodingOperatorTests.swift */ = {isa = PBXFileReference; fileEncoding = 4; lastKnownFileType = sourcecode.swift; path = DecodingOperatorTests.swift; sourceTree = "<group>"; };
		894413521ECB3D1900A4D54F /* IJSONDecodableTests.swift */ = {isa = PBXFileReference; fileEncoding = 4; lastKnownFileType = sourcecode.swift; path = IJSONDecodableTests.swift; sourceTree = "<group>"; };
		89B3460B1ED4925F005CDBA2 /* IJSONEncodableTests.swift */ = {isa = PBXFileReference; fileEncoding = 4; lastKnownFileType = sourcecode.swift; path = IJSONEncodableTests.swift; sourceTree = "<group>"; };
		89DE24FE1EDD01BA003AB1AD /* Default-568h@2x.png */ = {isa = PBXFileReference; lastKnownFileType = image.png; path = "Default-568h@2x.png"; sourceTree = "<group>"; };
		89FA40371ECF4AEB0005C6E4 /* StringExtensionTests.swift */ = {isa = PBXFileReference; fileEncoding = 4; lastKnownFileType = sourcecode.swift; path = StringExtensionTests.swift; sourceTree = "<group>"; };
		89FA403B1ECF640F0005C6E4 /* AHJSONDecoderTests.swift */ = {isa = PBXFileReference; fileEncoding = 4; lastKnownFileType = sourcecode.swift; path = AHJSONDecoderTests.swift; sourceTree = "<group>"; };
		89FA403D1ECF9B4D0005C6E4 /* OperatorMockStruct.swift */ = {isa = PBXFileReference; fileEncoding = 4; lastKnownFileType = sourcecode.swift; path = OperatorMockStruct.swift; sourceTree = "<group>"; };
		89FA40401ECFB59B0005C6E4 /* MockStructContext.swift */ = {isa = PBXFileReference; fileEncoding = 4; lastKnownFileType = sourcecode.swift; path = MockStructContext.swift; sourceTree = "<group>"; };
		B36552B8BBFAFACE42CA1DD6 /* Pods-AHJSONSerializer_Example.debug.xcconfig */ = {isa = PBXFileReference; includeInIndex = 1; lastKnownFileType = text.xcconfig; name = "Pods-AHJSONSerializer_Example.debug.xcconfig"; path = "Pods/Target Support Files/Pods-AHJSONSerializer_Example/Pods-AHJSONSerializer_Example.debug.xcconfig"; sourceTree = "<group>"; };
		BC091546093AF86890FD369F /* Pods-AHJSONSerializer_Tests.release.xcconfig */ = {isa = PBXFileReference; includeInIndex = 1; lastKnownFileType = text.xcconfig; name = "Pods-AHJSONSerializer_Tests.release.xcconfig"; path = "Pods/Target Support Files/Pods-AHJSONSerializer_Tests/Pods-AHJSONSerializer_Tests.release.xcconfig"; sourceTree = "<group>"; };
		D282122D8B791A62E8111949 /* Pods-AHJSONSerializer_Tests.debug.xcconfig */ = {isa = PBXFileReference; includeInIndex = 1; lastKnownFileType = text.xcconfig; name = "Pods-AHJSONSerializer_Tests.debug.xcconfig"; path = "Pods/Target Support Files/Pods-AHJSONSerializer_Tests/Pods-AHJSONSerializer_Tests.debug.xcconfig"; sourceTree = "<group>"; };
		FC188B7D757E62F7C9DFC496 /* Pods_AHJSONSerializer_Example.framework */ = {isa = PBXFileReference; explicitFileType = wrapper.framework; includeInIndex = 0; path = Pods_AHJSONSerializer_Example.framework; sourceTree = BUILT_PRODUCTS_DIR; };
/* End PBXFileReference section */

/* Begin PBXFrameworksBuildPhase section */
		607FACCD1AFB9204008FA782 /* Frameworks */ = {
			isa = PBXFrameworksBuildPhase;
			buildActionMask = 2147483647;
			files = (
				357998902B75AC45CDF03A49 /* Pods_AHJSONSerializer_Example.framework in Frameworks */,
			);
			runOnlyForDeploymentPostprocessing = 0;
		};
		607FACE21AFB9204008FA782 /* Frameworks */ = {
			isa = PBXFrameworksBuildPhase;
			buildActionMask = 2147483647;
			files = (
				42ED13495D8D8693306D26F3 /* Pods_AHJSONSerializer_Tests.framework in Frameworks */,
			);
			runOnlyForDeploymentPostprocessing = 0;
		};
/* End PBXFrameworksBuildPhase section */

/* Begin PBXGroup section */
		607FACC71AFB9204008FA782 = {
			isa = PBXGroup;
			children = (
				89DE24FE1EDD01BA003AB1AD /* Default-568h@2x.png */,
				607FACF51AFB993E008FA782 /* Podspec Metadata */,
				607FACD21AFB9204008FA782 /* Example for AHJSONSerializer */,
				607FACE81AFB9204008FA782 /* Tests */,
				607FACD11AFB9204008FA782 /* Products */,
				EA09939438E3D6AEE53DDD3E /* Pods */,
				A85E177AEDCEAB1CA6296877 /* Frameworks */,
			);
			sourceTree = "<group>";
		};
		607FACD11AFB9204008FA782 /* Products */ = {
			isa = PBXGroup;
			children = (
				607FACD01AFB9204008FA782 /* AHJSONSerializer_Example.app */,
				607FACE51AFB9204008FA782 /* AHJSONSerializer_Tests.xctest */,
			);
			name = Products;
			sourceTree = "<group>";
		};
		607FACD21AFB9204008FA782 /* Example for AHJSONSerializer */ = {
			isa = PBXGroup;
			children = (
				607FACD51AFB9204008FA782 /* AppDelegate.swift */,
				607FACD71AFB9204008FA782 /* ViewController.swift */,
				607FACD91AFB9204008FA782 /* Main.storyboard */,
				607FACDC1AFB9204008FA782 /* Images.xcassets */,
				607FACDE1AFB9204008FA782 /* LaunchScreen.xib */,
				607FACD31AFB9204008FA782 /* Supporting Files */,
			);
			name = "Example for AHJSONSerializer";
			path = AHJSONSerializer;
			sourceTree = "<group>";
		};
		607FACD31AFB9204008FA782 /* Supporting Files */ = {
			isa = PBXGroup;
			children = (
				607FACD41AFB9204008FA782 /* Info.plist */,
			);
			name = "Supporting Files";
			sourceTree = "<group>";
		};
		607FACE81AFB9204008FA782 /* Tests */ = {
			isa = PBXGroup;
			children = (
				607FACE91AFB9204008FA782 /* Supporting Files */,
				8944134F1ECB34D000A4D54F /* DecodingOperatorTests.swift */,
				894413521ECB3D1900A4D54F /* IJSONDecodableTests.swift */,
				8923D4DC1ECC8E2700C50C13 /* MapBoxTests.swift */,
				89FA40371ECF4AEB0005C6E4 /* StringExtensionTests.swift */,
				89FA403B1ECF640F0005C6E4 /* AHJSONDecoderTests.swift */,
				8922505F1ED751DE00122F63 /* AHJSONEncoderTests.swift */,
				89B3460B1ED4925F005CDBA2 /* IJSONEncodableTests.swift */,
				89FA403D1ECF9B4D0005C6E4 /* OperatorMockStruct.swift */,
				89FA40401ECFB59B0005C6E4 /* MockStructContext.swift */,
				891F926B1ED7BABE00CC08E3 /* JSONMocks.swift */,
			);
			path = Tests;
			sourceTree = "<group>";
		};
		607FACE91AFB9204008FA782 /* Supporting Files */ = {
			isa = PBXGroup;
			children = (
				607FACEA1AFB9204008FA782 /* Info.plist */,
			);
			name = "Supporting Files";
			sourceTree = "<group>";
		};
		607FACF51AFB993E008FA782 /* Podspec Metadata */ = {
			isa = PBXGroup;
			children = (
				0FDFF8CAD2AA2610D8AA8697 /* AHJSONSerializer.podspec */,
				29EB2CA66235ACBAA883A148 /* README.md */,
				08F4E972F36D3137EEBE3527 /* LICENSE */,
			);
			name = "Podspec Metadata";
			sourceTree = "<group>";
		};
		A85E177AEDCEAB1CA6296877 /* Frameworks */ = {
			isa = PBXGroup;
			children = (
				195B85870C13179DF8F6E7E8 /* Pods_AHObjectMapper_Example.framework */,
				174EB4923307B03159E40E32 /* Pods_AHObjectMapper_Tests.framework */,
				FC188B7D757E62F7C9DFC496 /* Pods_AHJSONSerializer_Example.framework */,
				46E4B7D5C3F2C2DBD7887563 /* Pods_AHJSONSerializer_Tests.framework */,
			);
			name = Frameworks;
			sourceTree = "<group>";
		};
		EA09939438E3D6AEE53DDD3E /* Pods */ = {
			isa = PBXGroup;
			children = (
				B36552B8BBFAFACE42CA1DD6 /* Pods-AHJSONSerializer_Example.debug.xcconfig */,
				4861A6B2D48A8C8F40D64708 /* Pods-AHJSONSerializer_Example.release.xcconfig */,
				D282122D8B791A62E8111949 /* Pods-AHJSONSerializer_Tests.debug.xcconfig */,
				BC091546093AF86890FD369F /* Pods-AHJSONSerializer_Tests.release.xcconfig */,
			);
			name = Pods;
			sourceTree = "<group>";
		};
/* End PBXGroup section */

/* Begin PBXNativeTarget section */
		607FACCF1AFB9204008FA782 /* AHJSONSerializer_Example */ = {
			isa = PBXNativeTarget;
			buildConfigurationList = 607FACEF1AFB9204008FA782 /* Build configuration list for PBXNativeTarget "AHJSONSerializer_Example" */;
			buildPhases = (
				36C992CABF16426AEFF55335 /* [CP] Check Pods Manifest.lock */,
				607FACCC1AFB9204008FA782 /* Sources */,
				607FACCD1AFB9204008FA782 /* Frameworks */,
				607FACCE1AFB9204008FA782 /* Resources */,
				6D531D0BBFC9CAE3A869A56D /* [CP] Embed Pods Frameworks */,
				AEA83A140350717CCA69BB81 /* [CP] Copy Pods Resources */,
			);
			buildRules = (
			);
			dependencies = (
			);
			name = AHJSONSerializer_Example;
			productName = AHObjectMapper;
			productReference = 607FACD01AFB9204008FA782 /* AHJSONSerializer_Example.app */;
			productType = "com.apple.product-type.application";
		};
		607FACE41AFB9204008FA782 /* AHJSONSerializer_Tests */ = {
			isa = PBXNativeTarget;
			buildConfigurationList = 607FACF21AFB9204008FA782 /* Build configuration list for PBXNativeTarget "AHJSONSerializer_Tests" */;
			buildPhases = (
				24CA6DF7D200905BEE3AE6CE /* [CP] Check Pods Manifest.lock */,
				607FACE11AFB9204008FA782 /* Sources */,
				607FACE21AFB9204008FA782 /* Frameworks */,
				607FACE31AFB9204008FA782 /* Resources */,
				C6773DA9485DF8A28E1AF244 /* [CP] Embed Pods Frameworks */,
				2E1E1A80B877CB564538F653 /* [CP] Copy Pods Resources */,
			);
			buildRules = (
			);
			dependencies = (
				607FACE71AFB9204008FA782 /* PBXTargetDependency */,
			);
			name = AHJSONSerializer_Tests;
			productName = Tests;
			productReference = 607FACE51AFB9204008FA782 /* AHJSONSerializer_Tests.xctest */;
			productType = "com.apple.product-type.bundle.unit-test";
		};
/* End PBXNativeTarget section */

/* Begin PBXProject section */
		607FACC81AFB9204008FA782 /* Project object */ = {
			isa = PBXProject;
			attributes = {
				LastSwiftUpdateCheck = 0720;
				LastUpgradeCheck = 0820;
				ORGANIZATIONNAME = CocoaPods;
				TargetAttributes = {
					607FACCF1AFB9204008FA782 = {
						CreatedOnToolsVersion = 6.3.1;
						LastSwiftMigration = 0820;
					};
					607FACE41AFB9204008FA782 = {
						CreatedOnToolsVersion = 6.3.1;
						LastSwiftMigration = 0820;
						TestTargetID = 607FACCF1AFB9204008FA782;
					};
				};
			};
			buildConfigurationList = 607FACCB1AFB9204008FA782 /* Build configuration list for PBXProject "AHJSONSerializer" */;
			compatibilityVersion = "Xcode 3.2";
			developmentRegion = English;
			hasScannedForEncodings = 0;
			knownRegions = (
				en,
				Base,
			);
			mainGroup = 607FACC71AFB9204008FA782;
			productRefGroup = 607FACD11AFB9204008FA782 /* Products */;
			projectDirPath = "";
			projectRoot = "";
			targets = (
				607FACCF1AFB9204008FA782 /* AHJSONSerializer_Example */,
				607FACE41AFB9204008FA782 /* AHJSONSerializer_Tests */,
			);
		};
/* End PBXProject section */

/* Begin PBXResourcesBuildPhase section */
		607FACCE1AFB9204008FA782 /* Resources */ = {
			isa = PBXResourcesBuildPhase;
			buildActionMask = 2147483647;
			files = (
				607FACDB1AFB9204008FA782 /* Main.storyboard in Resources */,
				89DE24FF1EDD01BA003AB1AD /* Default-568h@2x.png in Resources */,
				607FACE01AFB9204008FA782 /* LaunchScreen.xib in Resources */,
				607FACDD1AFB9204008FA782 /* Images.xcassets in Resources */,
			);
			runOnlyForDeploymentPostprocessing = 0;
		};
		607FACE31AFB9204008FA782 /* Resources */ = {
			isa = PBXResourcesBuildPhase;
			buildActionMask = 2147483647;
			files = (
			);
			runOnlyForDeploymentPostprocessing = 0;
		};
/* End PBXResourcesBuildPhase section */

/* Begin PBXShellScriptBuildPhase section */
		24CA6DF7D200905BEE3AE6CE /* [CP] Check Pods Manifest.lock */ = {
			isa = PBXShellScriptBuildPhase;
			buildActionMask = 2147483647;
			files = (
			);
			inputPaths = (
			);
			name = "[CP] Check Pods Manifest.lock";
			outputPaths = (
			);
			runOnlyForDeploymentPostprocessing = 0;
			shellPath = /bin/sh;
			shellScript = "diff \"${PODS_PODFILE_DIR_PATH}/Podfile.lock\" \"${PODS_ROOT}/Manifest.lock\" > /dev/null\nif [ $? != 0 ] ; then\n    # print error to STDERR\n    echo \"error: The sandbox is not in sync with the Podfile.lock. Run 'pod install' or update your CocoaPods installation.\" >&2\n    exit 1\nfi\n";
			showEnvVarsInLog = 0;
		};
		2E1E1A80B877CB564538F653 /* [CP] Copy Pods Resources */ = {
			isa = PBXShellScriptBuildPhase;
			buildActionMask = 2147483647;
			files = (
			);
			inputPaths = (
			);
			name = "[CP] Copy Pods Resources";
			outputPaths = (
			);
			runOnlyForDeploymentPostprocessing = 0;
			shellPath = /bin/sh;
			shellScript = "\"${SRCROOT}/Pods/Target Support Files/Pods-AHJSONSerializer_Tests/Pods-AHJSONSerializer_Tests-resources.sh\"\n";
			showEnvVarsInLog = 0;
		};
		36C992CABF16426AEFF55335 /* [CP] Check Pods Manifest.lock */ = {
			isa = PBXShellScriptBuildPhase;
			buildActionMask = 2147483647;
			files = (
			);
			inputPaths = (
			);
			name = "[CP] Check Pods Manifest.lock";
			outputPaths = (
			);
			runOnlyForDeploymentPostprocessing = 0;
			shellPath = /bin/sh;
			shellScript = "diff \"${PODS_PODFILE_DIR_PATH}/Podfile.lock\" \"${PODS_ROOT}/Manifest.lock\" > /dev/null\nif [ $? != 0 ] ; then\n    # print error to STDERR\n    echo \"error: The sandbox is not in sync with the Podfile.lock. Run 'pod install' or update your CocoaPods installation.\" >&2\n    exit 1\nfi\n";
			showEnvVarsInLog = 0;
		};
		6D531D0BBFC9CAE3A869A56D /* [CP] Embed Pods Frameworks */ = {
			isa = PBXShellScriptBuildPhase;
			buildActionMask = 2147483647;
			files = (
			);
			inputPaths = (
			);
			name = "[CP] Embed Pods Frameworks";
			outputPaths = (
			);
			runOnlyForDeploymentPostprocessing = 0;
			shellPath = /bin/sh;
			shellScript = "\"${SRCROOT}/Pods/Target Support Files/Pods-AHJSONSerializer_Example/Pods-AHJSONSerializer_Example-frameworks.sh\"\n";
			showEnvVarsInLog = 0;
		};
		AEA83A140350717CCA69BB81 /* [CP] Copy Pods Resources */ = {
			isa = PBXShellScriptBuildPhase;
			buildActionMask = 2147483647;
			files = (
			);
			inputPaths = (
			);
			name = "[CP] Copy Pods Resources";
			outputPaths = (
			);
			runOnlyForDeploymentPostprocessing = 0;
			shellPath = /bin/sh;
			shellScript = "\"${SRCROOT}/Pods/Target Support Files/Pods-AHJSONSerializer_Example/Pods-AHJSONSerializer_Example-resources.sh\"\n";
			showEnvVarsInLog = 0;
		};
		C6773DA9485DF8A28E1AF244 /* [CP] Embed Pods Frameworks */ = {
			isa = PBXShellScriptBuildPhase;
			buildActionMask = 2147483647;
			files = (
			);
			inputPaths = (
			);
			name = "[CP] Embed Pods Frameworks";
			outputPaths = (
			);
			runOnlyForDeploymentPostprocessing = 0;
			shellPath = /bin/sh;
			shellScript = "\"${SRCROOT}/Pods/Target Support Files/Pods-AHJSONSerializer_Tests/Pods-AHJSONSerializer_Tests-frameworks.sh\"\n";
			showEnvVarsInLog = 0;
		};
/* End PBXShellScriptBuildPhase section */

/* Begin PBXSourcesBuildPhase section */
		607FACCC1AFB9204008FA782 /* Sources */ = {
			isa = PBXSourcesBuildPhase;
			buildActionMask = 2147483647;
			files = (
				607FACD81AFB9204008FA782 /* ViewController.swift in Sources */,
				607FACD61AFB9204008FA782 /* AppDelegate.swift in Sources */,
			);
			runOnlyForDeploymentPostprocessing = 0;
		};
		607FACE11AFB9204008FA782 /* Sources */ = {
			isa = PBXSourcesBuildPhase;
			buildActionMask = 2147483647;
			files = (
				89FA403C1ECF640F0005C6E4 /* AHJSONDecoderTests.swift in Sources */,
				8935D6CB1ED36CED00C5D197 /* MockStructContext.swift in Sources */,
				89FA40381ECF4AEB0005C6E4 /* StringExtensionTests.swift in Sources */,
				8923D4DD1ECC8E2700C50C13 /* MapBoxTests.swift in Sources */,
				894413501ECB34D000A4D54F /* DecodingOperatorTests.swift in Sources */,
				891F926D1ED7BB5300CC08E3 /* JSONMocks.swift in Sources */,
				89FA403F1ECF9BC40005C6E4 /* OperatorMockStruct.swift in Sources */,
				894413531ECB3D1900A4D54F /* IJSONDecodableTests.swift in Sources */,
				892250601ED751DE00122F63 /* AHJSONEncoderTests.swift in Sources */,
				89B3460C1ED4925F005CDBA2 /* IJSONEncodableTests.swift in Sources */,
			);
			runOnlyForDeploymentPostprocessing = 0;
		};
/* End PBXSourcesBuildPhase section */

/* Begin PBXTargetDependency section */
		607FACE71AFB9204008FA782 /* PBXTargetDependency */ = {
			isa = PBXTargetDependency;
			target = 607FACCF1AFB9204008FA782 /* AHJSONSerializer_Example */;
			targetProxy = 607FACE61AFB9204008FA782 /* PBXContainerItemProxy */;
		};
/* End PBXTargetDependency section */

/* Begin PBXVariantGroup section */
		607FACD91AFB9204008FA782 /* Main.storyboard */ = {
			isa = PBXVariantGroup;
			children = (
				607FACDA1AFB9204008FA782 /* Base */,
			);
			name = Main.storyboard;
			sourceTree = "<group>";
		};
		607FACDE1AFB9204008FA782 /* LaunchScreen.xib */ = {
			isa = PBXVariantGroup;
			children = (
				607FACDF1AFB9204008FA782 /* Base */,
			);
			name = LaunchScreen.xib;
			sourceTree = "<group>";
		};
/* End PBXVariantGroup section */

/* Begin XCBuildConfiguration section */
		607FACED1AFB9204008FA782 /* Debug */ = {
			isa = XCBuildConfiguration;
			buildSettings = {
				ALWAYS_SEARCH_USER_PATHS = NO;
				CLANG_CXX_LANGUAGE_STANDARD = "gnu++0x";
				CLANG_CXX_LIBRARY = "libc++";
				CLANG_ENABLE_MODULES = YES;
				CLANG_ENABLE_OBJC_ARC = YES;
				CLANG_WARN_BOOL_CONVERSION = YES;
				CLANG_WARN_CONSTANT_CONVERSION = YES;
				CLANG_WARN_DIRECT_OBJC_ISA_USAGE = YES_ERROR;
				CLANG_WARN_EMPTY_BODY = YES;
				CLANG_WARN_ENUM_CONVERSION = YES;
				CLANG_WARN_INFINITE_RECURSION = YES;
				CLANG_WARN_INT_CONVERSION = YES;
				CLANG_WARN_OBJC_ROOT_CLASS = YES_ERROR;
				CLANG_WARN_SUSPICIOUS_MOVE = YES;
				CLANG_WARN_UNREACHABLE_CODE = YES;
				CLANG_WARN__DUPLICATE_METHOD_MATCH = YES;
				"CODE_SIGN_IDENTITY[sdk=iphoneos*]" = "iPhone Developer";
				COPY_PHASE_STRIP = NO;
				DEBUG_INFORMATION_FORMAT = "dwarf-with-dsym";
				ENABLE_STRICT_OBJC_MSGSEND = YES;
				ENABLE_TESTABILITY = YES;
				GCC_C_LANGUAGE_STANDARD = gnu99;
				GCC_DYNAMIC_NO_PIC = NO;
				GCC_NO_COMMON_BLOCKS = YES;
				GCC_OPTIMIZATION_LEVEL = 0;
				GCC_PREPROCESSOR_DEFINITIONS = (
					"DEBUG=1",
					"$(inherited)",
				);
				GCC_SYMBOLS_PRIVATE_EXTERN = NO;
				GCC_WARN_64_TO_32_BIT_CONVERSION = YES;
				GCC_WARN_ABOUT_RETURN_TYPE = YES_ERROR;
				GCC_WARN_UNDECLARED_SELECTOR = YES;
				GCC_WARN_UNINITIALIZED_AUTOS = YES_AGGRESSIVE;
				GCC_WARN_UNUSED_FUNCTION = YES;
				GCC_WARN_UNUSED_VARIABLE = YES;
				IPHONEOS_DEPLOYMENT_TARGET = 8.3;
				MTL_ENABLE_DEBUG_INFO = YES;
				ONLY_ACTIVE_ARCH = YES;
				SDKROOT = iphoneos;
				SWIFT_OPTIMIZATION_LEVEL = "-Onone";
			};
			name = Debug;
		};
		607FACEE1AFB9204008FA782 /* Release */ = {
			isa = XCBuildConfiguration;
			buildSettings = {
				ALWAYS_SEARCH_USER_PATHS = NO;
				CLANG_CXX_LANGUAGE_STANDARD = "gnu++0x";
				CLANG_CXX_LIBRARY = "libc++";
				CLANG_ENABLE_MODULES = YES;
				CLANG_ENABLE_OBJC_ARC = YES;
				CLANG_WARN_BOOL_CONVERSION = YES;
				CLANG_WARN_CONSTANT_CONVERSION = YES;
				CLANG_WARN_DIRECT_OBJC_ISA_USAGE = YES_ERROR;
				CLANG_WARN_EMPTY_BODY = YES;
				CLANG_WARN_ENUM_CONVERSION = YES;
				CLANG_WARN_INFINITE_RECURSION = YES;
				CLANG_WARN_INT_CONVERSION = YES;
				CLANG_WARN_OBJC_ROOT_CLASS = YES_ERROR;
				CLANG_WARN_SUSPICIOUS_MOVE = YES;
				CLANG_WARN_UNREACHABLE_CODE = YES;
				CLANG_WARN__DUPLICATE_METHOD_MATCH = YES;
				"CODE_SIGN_IDENTITY[sdk=iphoneos*]" = "iPhone Developer";
				COPY_PHASE_STRIP = NO;
				DEBUG_INFORMATION_FORMAT = "dwarf-with-dsym";
				ENABLE_NS_ASSERTIONS = NO;
				ENABLE_STRICT_OBJC_MSGSEND = YES;
				GCC_C_LANGUAGE_STANDARD = gnu99;
				GCC_NO_COMMON_BLOCKS = YES;
				GCC_WARN_64_TO_32_BIT_CONVERSION = YES;
				GCC_WARN_ABOUT_RETURN_TYPE = YES_ERROR;
				GCC_WARN_UNDECLARED_SELECTOR = YES;
				GCC_WARN_UNINITIALIZED_AUTOS = YES_AGGRESSIVE;
				GCC_WARN_UNUSED_FUNCTION = YES;
				GCC_WARN_UNUSED_VARIABLE = YES;
				IPHONEOS_DEPLOYMENT_TARGET = 8.3;
				MTL_ENABLE_DEBUG_INFO = NO;
				SDKROOT = iphoneos;
				SWIFT_OPTIMIZATION_LEVEL = "-Owholemodule";
				VALIDATE_PRODUCT = YES;
			};
			name = Release;
		};
		607FACF01AFB9204008FA782 /* Debug */ = {
			isa = XCBuildConfiguration;
			baseConfigurationReference = B36552B8BBFAFACE42CA1DD6 /* Pods-AHJSONSerializer_Example.debug.xcconfig */;
			buildSettings = {
				ASSETCATALOG_COMPILER_APPICON_NAME = AppIcon;
				INFOPLIST_FILE = "$(SRCROOT)/AHJSONSerializer/Info.plist";
				LD_RUNPATH_SEARCH_PATHS = "$(inherited) @executable_path/Frameworks";
				MODULE_NAME = ExampleApp;
				PRODUCT_BUNDLE_IDENTIFIER = "org.cocoapods.demo.$(PRODUCT_NAME:rfc1034identifier)";
				PRODUCT_NAME = "$(TARGET_NAME)";
				SWIFT_VERSION = 3.0;
			};
			name = Debug;
		};
		607FACF11AFB9204008FA782 /* Release */ = {
			isa = XCBuildConfiguration;
			baseConfigurationReference = 4861A6B2D48A8C8F40D64708 /* Pods-AHJSONSerializer_Example.release.xcconfig */;
			buildSettings = {
				ASSETCATALOG_COMPILER_APPICON_NAME = AppIcon;
				INFOPLIST_FILE = "$(SRCROOT)/AHJSONSerializer/Info.plist";
				LD_RUNPATH_SEARCH_PATHS = "$(inherited) @executable_path/Frameworks";
				MODULE_NAME = ExampleApp;
				PRODUCT_BUNDLE_IDENTIFIER = "org.cocoapods.demo.$(PRODUCT_NAME:rfc1034identifier)";
				PRODUCT_NAME = "$(TARGET_NAME)";
				SWIFT_VERSION = 3.0;
			};
			name = Release;
		};
		607FACF31AFB9204008FA782 /* Debug */ = {
			isa = XCBuildConfiguration;
			baseConfigurationReference = D282122D8B791A62E8111949 /* Pods-AHJSONSerializer_Tests.debug.xcconfig */;
			buildSettings = {
				FRAMEWORK_SEARCH_PATHS = "$(inherited)";
				GCC_PREPROCESSOR_DEFINITIONS = (
					"DEBUG=1",
					"$(inherited)",
				);
				INFOPLIST_FILE = Tests/Info.plist;
				LD_RUNPATH_SEARCH_PATHS = "$(inherited)";
				PRODUCT_BUNDLE_IDENTIFIER = "org.cocoapods.$(PRODUCT_NAME:rfc1034identifier)";
				PRODUCT_NAME = "$(TARGET_NAME)";
				SWIFT_VERSION = 3.0;
				TEST_HOST = "$(BUILT_PRODUCTS_DIR)/AHJSONSerializer_Example.app/AHJSONSerializer_Example";
			};
			name = Debug;
		};
		607FACF41AFB9204008FA782 /* Release */ = {
			isa = XCBuildConfiguration;
			baseConfigurationReference = BC091546093AF86890FD369F /* Pods-AHJSONSerializer_Tests.release.xcconfig */;
			buildSettings = {
				FRAMEWORK_SEARCH_PATHS = "$(inherited)";
				INFOPLIST_FILE = Tests/Info.plist;
				LD_RUNPATH_SEARCH_PATHS = "$(inherited)";
				PRODUCT_BUNDLE_IDENTIFIER = "org.cocoapods.$(PRODUCT_NAME:rfc1034identifier)";
				PRODUCT_NAME = "$(TARGET_NAME)";
				SWIFT_VERSION = 3.0;
				TEST_HOST = "$(BUILT_PRODUCTS_DIR)/AHJSONSerializer_Example.app/AHJSONSerializer_Example";
			};
			name = Release;
		};
/* End XCBuildConfiguration section */

/* Begin XCConfigurationList section */
		607FACCB1AFB9204008FA782 /* Build configuration list for PBXProject "AHJSONSerializer" */ = {
			isa = XCConfigurationList;
			buildConfigurations = (
				607FACED1AFB9204008FA782 /* Debug */,
				607FACEE1AFB9204008FA782 /* Release */,
			);
			defaultConfigurationIsVisible = 0;
			defaultConfigurationName = Release;
		};
		607FACEF1AFB9204008FA782 /* Build configuration list for PBXNativeTarget "AHJSONSerializer_Example" */ = {
			isa = XCConfigurationList;
			buildConfigurations = (
				607FACF01AFB9204008FA782 /* Debug */,
				607FACF11AFB9204008FA782 /* Release */,
			);
			defaultConfigurationIsVisible = 0;
			defaultConfigurationName = Release;
		};
		607FACF21AFB9204008FA782 /* Build configuration list for PBXNativeTarget "AHJSONSerializer_Tests" */ = {
			isa = XCConfigurationList;
			buildConfigurations = (
				607FACF31AFB9204008FA782 /* Debug */,
				607FACF41AFB9204008FA782 /* Release */,
			);
			defaultConfigurationIsVisible = 0;
			defaultConfigurationName = Release;
		};
/* End XCConfigurationList section */
	};
	rootObject = 607FACC81AFB9204008FA782 /* Project object */;
}
