PODS:
  - AHJSONSerializer (0.1.0):
    - ALEither
  - ALEither (0.1.4)

DEPENDENCIES:
  - AHJSONSerializer (from `../`)

EXTERNAL SOURCES:
  AHJSONSerializer:
    :path: ../

SPEC CHECKSUMS:
  AHJSONSerializer: 09de0cc664b76d5b17e0c821ecead27c1b259373
  ALEither: 790e8f1dda897bfcb56e547e5db86c4eb25da87b

PODFILE CHECKSUM: dd0baab5068dfb090806e2b3d8cf772bfb127910

COCOAPODS: 1.2.1
